Microsoft Visual Studio Solution File, Format Version 12.00
# Visual Studio Version 17
VisualStudioVersion = 17.5.2.0
MinimumVisualStudioVersion = 10.0.40219.1
Project("{FAE04EC0-301F-11D3-BF4B-00C04F79EFBC}") = "ImageAnalyzerApi", "ImageAnalyzerApi.csproj", "{FD5936CB-B403-E8B3-A481-3D635C793462}"
EndProject
Global
	GlobalSection(SolutionConfigurationPlatforms) = preSolution
		Debug|Any CPU = Debug|Any CPU
		Release|Any CPU = Release|Any CPU
	EndGlobalSection
	GlobalSection(ProjectConfigurationPlatforms) = postSolution
		{FD5936CB-B403-E8B3-A481-3D635C793462}.Debug|Any CPU.ActiveCfg = Debug|Any CPU
		{FD5936CB-B403-E8B3-A481-3D635C793462}.Debug|Any CPU.Build.0 = Debug|Any CPU
		{FD5936CB-B403-E8B3-A481-3D635C793462}.Release|Any CPU.ActiveCfg = Release|Any CPU
		{FD5936CB-B403-E8B3-A481-3D635C793462}.Release|Any CPU.Build.0 = Release|Any CPU
	EndGlobalSection
	GlobalSection(SolutionProperties) = preSolution
		HideSolutionNode = FALSE
	EndGlobalSection
	GlobalSection(ExtensibilityGlobals) = postSolution
		SolutionGuid = {5C9AE7DC-0FFE-4EE3-8A2F-27E872E2B1E4}
	EndGlobalSection
EndGlobal
